
Microsoft Visual Studio Solution File, Format Version 12.00
# Visual Studio Version 17
VisualStudioVersion = 17.0.31912.275
MinimumVisualStudioVersion = 10.0.40219.1
Project("{FAE04EC0-301F-11D3-BF4B-00C04F79EFBC}") = "XsdToRi-BaSEPA.Core", "XsdToRi-BaSEPA.Core\XsdToRi-BaSEPA.Core.csproj", "{51A4BE91-CA9A-4723-A020-36552C6F6984}"
EndProject
Project("{FAE04EC0-301F-11D3-BF4B-00C04F79EFBC}") = "XsdToRi-BaSEPA.Core.Tests", "XsdToRi-BaSEPA.Core.Tests\XsdToRi-BaSEPA.Core.Tests.csproj", "{47520E6F-D3C9-4C8C-BEE2-2866A21F63DE}"
EndProject
Global
	GlobalSection(SolutionConfigurationPlatforms) = preSolution
		Debug|Any CPU = Debug|Any CPU
		Release|Any CPU = Release|Any CPU
	EndGlobalSection
	GlobalSection(ProjectConfigurationPlatforms) = postSolution
		{51A4BE91-CA9A-4723-A020-36552C6F6984}.Debug|Any CPU.ActiveCfg = Debug|Any CPU
		{51A4BE91-CA9A-4723-A020-36552C6F6984}.Debug|Any CPU.Build.0 = Debug|Any CPU
		{51A4BE91-CA9A-4723-A020-36552C6F6984}.Release|Any CPU.ActiveCfg = Release|Any CPU
		{51A4BE91-CA9A-4723-A020-36552C6F6984}.Release|Any CPU.Build.0 = Release|Any CPU
		{47520E6F-D3C9-4C8C-BEE2-2866A21F63DE}.Debug|Any CPU.ActiveCfg = Debug|Any CPU
		{47520E6F-D3C9-4C8C-BEE2-2866A21F63DE}.Debug|Any CPU.Build.0 = Debug|Any CPU
		{47520E6F-D3C9-4C8C-BEE2-2866A21F63DE}.Release|Any CPU.ActiveCfg = Release|Any CPU
		{47520E6F-D3C9-4C8C-BEE2-2866A21F63DE}.Release|Any CPU.Build.0 = Release|Any CPU
	EndGlobalSection
	GlobalSection(SolutionProperties) = preSolution
		HideSolutionNode = FALSE
	EndGlobalSection
	GlobalSection(ExtensibilityGlobals) = postSolution
		SolutionGuid = {11329767-140D-40F9-B45B-8AEC823EF718}
	EndGlobalSection
EndGlobal
